
Microsoft Visual Studio Solution File, Format Version 12.00
# Visual Studio Version 16
VisualStudioVersion = 16.0.30907.101
MinimumVisualStudioVersion = 10.0.40219.1
Project("{9A19103F-16F7-4668-BE54-9A1E7A4F7556}") = "NET5.JWT.CustomUser", "NET5.JWT.CustomUser\NET5.JWT.CustomUser.csproj", "{B35ED3BE-0FCE-4307-80B2-71DDDFAC314C}"
EndProject
Project("{FAE04EC0-301F-11D3-BF4B-00C04F79EFBC}") = "Net5.JWT.XUnitTest", "Net5.JWT.XUnitTest\Net5.JWT.XUnitTest.csproj", "{D7153305-2D02-42C1-A4D9-857D2E2D2F31}"
EndProject
Global
	GlobalSection(SolutionConfigurationPlatforms) = preSolution
		Debug|Any CPU = Debug|Any CPU
		Release|Any CPU = Release|Any CPU
	EndGlobalSection
	GlobalSection(ProjectConfigurationPlatforms) = postSolution
		{B35ED3BE-0FCE-4307-80B2-71DDDFAC314C}.Debug|Any CPU.ActiveCfg = Debug|Any CPU
		{B35ED3BE-0FCE-4307-80B2-71DDDFAC314C}.Debug|Any CPU.Build.0 = Debug|Any CPU
		{B35ED3BE-0FCE-4307-80B2-71DDDFAC314C}.Release|Any CPU.ActiveCfg = Release|Any CPU
		{B35ED3BE-0FCE-4307-80B2-71DDDFAC314C}.Release|Any CPU.Build.0 = Release|Any CPU
		{D7153305-2D02-42C1-A4D9-857D2E2D2F31}.Debug|Any CPU.ActiveCfg = Debug|Any CPU
		{D7153305-2D02-42C1-A4D9-857D2E2D2F31}.Debug|Any CPU.Build.0 = Debug|Any CPU
		{D7153305-2D02-42C1-A4D9-857D2E2D2F31}.Release|Any CPU.ActiveCfg = Release|Any CPU
		{D7153305-2D02-42C1-A4D9-857D2E2D2F31}.Release|Any CPU.Build.0 = Release|Any CPU
	EndGlobalSection
	GlobalSection(SolutionProperties) = preSolution
		HideSolutionNode = FALSE
	EndGlobalSection
	GlobalSection(ExtensibilityGlobals) = postSolution
		SolutionGuid = {05C28D91-E475-4C50-99E3-ACA3A54BE7A7}
	EndGlobalSection
EndGlobal
